{
    "version": 3,
    "terraform_version": "0.11.2",
    "serial": 17,
    "lineage": "70354d5e-5d1c-4324-85c3-a26af9e67c52",
    "modules": [
        {
            "path": [
                "root"
            ],
            "outputs": {},
            "resources": {
                "aws_default_route_table.default": {
                    "type": "aws_default_route_table",
                    "depends_on": [
                        "aws_nat_gateway.main-nat",
                        "aws_vpc.main"
                    ],
                    "primary": {
                        "id": "rtb-71bf6217",
                        "attributes": {
                            "default_route_table_id": "rtb-71bf6217",
                            "id": "rtb-71bf6217",
                            "propagating_vgws.#": "0",
                            "route.#": "1",
                            "route.2856525297.cidr_block": "0.0.0.0/0",
                            "route.2856525297.egress_only_gateway_id": "",
                            "route.2856525297.gateway_id": "",
                            "route.2856525297.instance_id": "",
                            "route.2856525297.ipv6_cidr_block": "",
                            "route.2856525297.nat_gateway_id": "nat-04bb1e667a0fe2a43",
                            "route.2856525297.network_interface_id": "",
                            "route.2856525297.vpc_peering_connection_id": "",
                            "tags.%": "1",
                            "tags.Name": "default table",
                            "vpc_id": "vpc-f3f8b094"
                        },
                        "meta": {},
                        "tainted": false
                    },
                    "deposed": [],
                    "provider": "provider.aws"
                },
                "aws_eip.nat-ip": {
                    "type": "aws_eip",
                    "depends_on": [],
                    "primary": {
                        "id": "eipalloc-00eefe3a",
                        "attributes": {
                            "association_id": "",
                            "domain": "vpc",
                            "id": "eipalloc-00eefe3a",
                            "instance": "",
                            "network_interface": "",
                            "private_ip": "",
                            "public_ip": "52.221.67.105",
                            "tags.%": "0",
                            "vpc": "true"
                        },
                        "meta": {
                            "e2bfb730-ecaa-11e6-8f88-34363bc7c4c0": {
                                "delete": 180000000000,
                                "read": 900000000000,
                                "update": 300000000000
                            }
                        },
                        "tainted": false
                    },
                    "deposed": [],
                    "provider": "provider.aws"
                },
                "aws_internet_gateway.main-gw": {
                    "type": "aws_internet_gateway",
                    "depends_on": [
                        "aws_vpc.main"
                    ],
                    "primary": {
                        "id": "igw-35027e51",
                        "attributes": {
                            "id": "igw-35027e51",
                            "tags.%": "1",
                            "tags.Name": "main-gw",
                            "vpc_id": "vpc-f3f8b094"
                        },
                        "meta": {},
                        "tainted": false
                    },
                    "deposed": [],
                    "provider": "provider.aws"
                },
                "aws_nat_gateway.main-nat": {
                    "type": "aws_nat_gateway",
                    "depends_on": [
                        "aws_eip.nat-ip",
                        "aws_subnet.pub-1"
                    ],
                    "primary": {
                        "id": "nat-04bb1e667a0fe2a43",
                        "attributes": {
                            "allocation_id": "eipalloc-00eefe3a",
                            "id": "nat-04bb1e667a0fe2a43",
                            "network_interface_id": "eni-f02a8fab",
                            "private_ip": "172.16.0.45",
                            "public_ip": "52.221.67.105",
                            "subnet_id": "subnet-bf86bdd8",
                            "tags.%": "1",
                            "tags.Name": "main-nat"
                        },
                        "meta": {},
                        "tainted": false
                    },
                    "deposed": [],
                    "provider": "provider.aws"
                },
                "aws_route_table.pub-route-table": {
                    "type": "aws_route_table",
                    "depends_on": [
                        "aws_internet_gateway.main-gw",
                        "aws_vpc.main"
                    ],
                    "primary": {
                        "id": "rtb-4cbd602a",
                        "attributes": {
                            "id": "rtb-4cbd602a",
                            "propagating_vgws.#": "0",
                            "route.#": "1",
                            "route.1815965973.cidr_block": "0.0.0.0/0",
                            "route.1815965973.egress_only_gateway_id": "",
                            "route.1815965973.gateway_id": "igw-35027e51",
                            "route.1815965973.instance_id": "",
                            "route.1815965973.ipv6_cidr_block": "",
                            "route.1815965973.nat_gateway_id": "",
                            "route.1815965973.network_interface_id": "",
                            "route.1815965973.vpc_peering_connection_id": "",
                            "tags.%": "1",
                            "tags.Name": "Pub-RT",
                            "vpc_id": "vpc-f3f8b094"
                        },
                        "meta": {},
                        "tainted": false
                    },
                    "deposed": [],
                    "provider": "provider.aws"
                },
                "aws_route_table_association.pub-1": {
                    "type": "aws_route_table_association",
                    "depends_on": [
                        "aws_route_table.pub-route-table",
                        "aws_subnet.pub-1"
                    ],
                    "primary": {
                        "id": "rtbassoc-ea7d8593",
                        "attributes": {
                            "id": "rtbassoc-ea7d8593",
                            "route_table_id": "rtb-4cbd602a",
                            "subnet_id": "subnet-bf86bdd8"
                        },
                        "meta": {},
                        "tainted": false
                    },
                    "deposed": [],
                    "provider": "provider.aws"
                },
                "aws_route_table_association.pub-2": {
                    "type": "aws_route_table_association",
                    "depends_on": [
                        "aws_route_table.pub-route-table",
                        "aws_subnet.pub-2"
                    ],
                    "primary": {
                        "id": "rtbassoc-dd7880a4",
                        "attributes": {
                            "id": "rtbassoc-dd7880a4",
                            "route_table_id": "rtb-4cbd602a",
                            "subnet_id": "subnet-2a0c2763"
                        },
                        "meta": {},
                        "tainted": false
                    },
                    "deposed": [],
                    "provider": "provider.aws"
                },
                "aws_route_table_association.pvt-1": {
                    "type": "aws_route_table_association",
                    "depends_on": [
                        "aws_subnet.pvt-1",
                        "aws_vpc.main"
                    ],
                    "primary": {
                        "id": "rtbassoc-6a04fc13",
                        "attributes": {
                            "id": "rtbassoc-6a04fc13",
                            "route_table_id": "rtb-71bf6217",
                            "subnet_id": "subnet-1086bd77"
                        },
                        "meta": {},
                        "tainted": false
                    },
                    "deposed": [],
                    "provider": "provider.aws"
                },
                "aws_route_table_association.pvt-2": {
                    "type": "aws_route_table_association",
                    "depends_on": [
                        "aws_subnet.pvt-2",
                        "aws_vpc.main"
                    ],
                    "primary": {
                        "id": "rtbassoc-a87c84d1",
                        "attributes": {
                            "id": "rtbassoc-a87c84d1",
                            "route_table_id": "rtb-71bf6217",
                            "subnet_id": "subnet-830f24ca"
                        },
                        "meta": {},
                        "tainted": false
                    },
                    "deposed": [],
                    "provider": "provider.aws"
                },
                "aws_subnet.pub-1": {
                    "type": "aws_subnet",
                    "depends_on": [
                        "aws_vpc.main"
                    ],
                    "primary": {
                        "id": "subnet-bf86bdd8",
                        "attributes": {
                            "assign_ipv6_address_on_creation": "false",
                            "availability_zone": "ap-southeast-1a",
                            "cidr_block": "172.16.0.0/26",
                            "id": "subnet-bf86bdd8",
                            "map_public_ip_on_launch": "false",
                            "tags.%": "1",
                            "tags.Name": "Pub-1",
                            "vpc_id": "vpc-f3f8b094"
                        },
                        "meta": {
                            "schema_version": "1"
                        },
                        "tainted": false
                    },
                    "deposed": [],
                    "provider": "provider.aws"
                },
                "aws_subnet.pub-2": {
                    "type": "aws_subnet",
                    "depends_on": [
                        "aws_vpc.main"
                    ],
                    "primary": {
                        "id": "subnet-2a0c2763",
                        "attributes": {
                            "assign_ipv6_address_on_creation": "false",
                            "availability_zone": "ap-southeast-1b",
                            "cidr_block": "172.16.0.64/26",
                            "id": "subnet-2a0c2763",
                            "map_public_ip_on_launch": "false",
                            "tags.%": "1",
                            "tags.Name": "Pub-2",
                            "vpc_id": "vpc-f3f8b094"
                        },
                        "meta": {
                            "schema_version": "1"
                        },
                        "tainted": false
                    },
                    "deposed": [],
                    "provider": "provider.aws"
                },
                "aws_subnet.pvt-1": {
                    "type": "aws_subnet",
                    "depends_on": [
                        "aws_vpc.main"
                    ],
                    "primary": {
                        "id": "subnet-1086bd77",
                        "attributes": {
                            "assign_ipv6_address_on_creation": "false",
                            "availability_zone": "ap-southeast-1a",
                            "cidr_block": "172.16.0.128/26",
                            "id": "subnet-1086bd77",
                            "map_public_ip_on_launch": "false",
                            "tags.%": "1",
                            "tags.Name": "Pvt-1",
                            "vpc_id": "vpc-f3f8b094"
                        },
                        "meta": {
                            "schema_version": "1"
                        },
                        "tainted": false
                    },
                    "deposed": [],
                    "provider": "provider.aws"
                },
                "aws_subnet.pvt-2": {
                    "type": "aws_subnet",
                    "depends_on": [
                        "aws_vpc.main"
                    ],
                    "primary": {
                        "id": "subnet-830f24ca",
                        "attributes": {
                            "assign_ipv6_address_on_creation": "false",
                            "availability_zone": "ap-southeast-1b",
                            "cidr_block": "172.16.0.192/26",
                            "id": "subnet-830f24ca",
                            "map_public_ip_on_launch": "false",
                            "tags.%": "1",
                            "tags.Name": "Pvt-2",
                            "vpc_id": "vpc-f3f8b094"
                        },
                        "meta": {
                            "schema_version": "1"
                        },
                        "tainted": false
                    },
                    "deposed": [],
                    "provider": "provider.aws"
                },
                "aws_vpc.main": {
                    "type": "aws_vpc",
                    "depends_on": [],
                    "primary": {
                        "id": "vpc-f3f8b094",
                        "attributes": {
                            "assign_generated_ipv6_cidr_block": "false",
                            "cidr_block": "172.16.0.0/24",
                            "default_network_acl_id": "acl-414bb827",
                            "default_route_table_id": "rtb-71bf6217",
                            "default_security_group_id": "sg-2254ab5a",
                            "dhcp_options_id": "dopt-44d4d420",
                            "enable_classiclink": "false",
                            "enable_classiclink_dns_support": "false",
                            "enable_dns_hostnames": "false",
                            "enable_dns_support": "true",
                            "id": "vpc-f3f8b094",
                            "instance_tenancy": "default",
                            "main_route_table_id": "rtb-71bf6217",
                            "tags.%": "1",
                            "tags.Name": "CPAWS"
                        },
                        "meta": {
                            "schema_version": "1"
                        },
                        "tainted": false
                    },
                    "deposed": [],
                    "provider": "provider.aws"
                }
            },
            "depends_on": []
        }
    ]
}
